{
  "requires": true,
  "lockfileVersion": 1,
  "dependencies": {
    "amazon-date-parser": {
      "version": "0.3.0",
      "resolved": "https://registry.npmjs.org/amazon-date-parser/-/amazon-date-parser-0.3.0.tgz",
      "integrity": "sha512-O7kn26oyo+wXSSYwhleKo/ZrS8Q+itUgqLXcFebWwel2AzmnWJ5xuOPO41bgFdQsJpB0lbjy8bB7PXA/SPiVGw=="
    }
  }
}
